
Microsoft Visual Studio Solution File, Format Version 12.00
# Visual Studio Version 17
VisualStudioVersion = 17.6.33815.320
MinimumVisualStudioVersion = 10.0.40219.1
Project("{FAE04EC0-301F-11D3-BF4B-00C04F79EFBC}") = "EntityFrameworkCore", "EntityFrameworkCore.csproj", "{5764D923-C372-4509-9DB6-9E38C1502B01}"
EndProject
Global
	GlobalSection(SolutionConfigurationPlatforms) = preSolution
		Debug|Any CPU = Debug|Any CPU
		Release|Any CPU = Release|Any CPU
	EndGlobalSection
	GlobalSection(ProjectConfigurationPlatforms) = postSolution
		{5764D923-C372-4509-9DB6-9E38C1502B01}.Debug|Any CPU.ActiveCfg = Debug|Any CPU
		{5764D923-C372-4509-9DB6-9E38C1502B01}.Debug|Any CPU.Build.0 = Debug|Any CPU
		{5764D923-C372-4509-9DB6-9E38C1502B01}.Release|Any CPU.ActiveCfg = Release|Any CPU
		{5764D923-C372-4509-9DB6-9E38C1502B01}.Release|Any CPU.Build.0 = Release|Any CPU
	EndGlobalSection
	GlobalSection(SolutionProperties) = preSolution
		HideSolutionNode = FALSE
	EndGlobalSection
	GlobalSection(ExtensibilityGlobals) = postSolution
		SolutionGuid = {D6AABD6E-5EE9-4AFE-B3FD-92E7921B37B0}
	EndGlobalSection
EndGlobal
